
Microsoft Visual Studio Solution File, Format Version 12.00
# Visual Studio Version 16
VisualStudioVersion = 25.0.1704.2
MinimumVisualStudioVersion = 10.0.40219.1
Project("{FAE04EC0-301F-11D3-BF4B-00C04F79EFBC}") = "RestfulBooker.Api", "RestfulBooker.Api\RestfulBooker.Api.csproj", "{48BE112F-1B7C-4B80-9B7C-E57F328048A4}"
EndProject
Project("{FAE04EC0-301F-11D3-BF4B-00C04F79EFBC}") = "RestfulBooker.UI", "RestfulBooker.UI\RestfulBooker.UI.csproj", "{395479CA-AEE5-4B24-85AC-225F4AF2DF16}"
EndProject
Project("{FAE04EC0-301F-11D3-BF4B-00C04F79EFBC}") = "TestingWithNUnit.Tests", "TestingWithNUnit.Tests\TestingWithNUnit.Tests.csproj", "{CB4CB8BD-1903-4E01-8333-9B7DDF9D03CF}"
EndProject
Project("{FAE04EC0-301F-11D3-BF4B-00C04F79EFBC}") = "NUnitBasicFeatures.Tests", "NUnitBasicFeatures.Tests\NUnitBasicFeatures.Tests.csproj", "{35F37DFF-AC2F-4571-8F21-D5C4AF202B2D}"
EndProject
Global
	GlobalSection(SolutionConfigurationPlatforms) = preSolution
		Debug|Any CPU = Debug|Any CPU
		Release|Any CPU = Release|Any CPU
	EndGlobalSection
	GlobalSection(ProjectConfigurationPlatforms) = postSolution
		{48BE112F-1B7C-4B80-9B7C-E57F328048A4}.Debug|Any CPU.ActiveCfg = Debug|Any CPU
		{48BE112F-1B7C-4B80-9B7C-E57F328048A4}.Debug|Any CPU.Build.0 = Debug|Any CPU
		{48BE112F-1B7C-4B80-9B7C-E57F328048A4}.Release|Any CPU.ActiveCfg = Release|Any CPU
		{48BE112F-1B7C-4B80-9B7C-E57F328048A4}.Release|Any CPU.Build.0 = Release|Any CPU
		{395479CA-AEE5-4B24-85AC-225F4AF2DF16}.Debug|Any CPU.ActiveCfg = Debug|Any CPU
		{395479CA-AEE5-4B24-85AC-225F4AF2DF16}.Debug|Any CPU.Build.0 = Debug|Any CPU
		{395479CA-AEE5-4B24-85AC-225F4AF2DF16}.Release|Any CPU.ActiveCfg = Release|Any CPU
		{395479CA-AEE5-4B24-85AC-225F4AF2DF16}.Release|Any CPU.Build.0 = Release|Any CPU
		{CB4CB8BD-1903-4E01-8333-9B7DDF9D03CF}.Debug|Any CPU.ActiveCfg = Debug|Any CPU
		{CB4CB8BD-1903-4E01-8333-9B7DDF9D03CF}.Debug|Any CPU.Build.0 = Debug|Any CPU
		{CB4CB8BD-1903-4E01-8333-9B7DDF9D03CF}.Release|Any CPU.ActiveCfg = Release|Any CPU
		{CB4CB8BD-1903-4E01-8333-9B7DDF9D03CF}.Release|Any CPU.Build.0 = Release|Any CPU
		{35F37DFF-AC2F-4571-8F21-D5C4AF202B2D}.Debug|Any CPU.ActiveCfg = Debug|Any CPU
		{35F37DFF-AC2F-4571-8F21-D5C4AF202B2D}.Debug|Any CPU.Build.0 = Debug|Any CPU
		{35F37DFF-AC2F-4571-8F21-D5C4AF202B2D}.Release|Any CPU.ActiveCfg = Release|Any CPU
		{35F37DFF-AC2F-4571-8F21-D5C4AF202B2D}.Release|Any CPU.Build.0 = Release|Any CPU
	EndGlobalSection
	GlobalSection(SolutionProperties) = preSolution
		HideSolutionNode = FALSE
	EndGlobalSection
	GlobalSection(ExtensibilityGlobals) = postSolution
		SolutionGuid = {0B37D0E7-B864-48BA-A653-87BEE2C5750F}
	EndGlobalSection
EndGlobal
