
Microsoft Visual Studio Solution File, Format Version 12.00
# Visual Studio Version 16
VisualStudioVersion = 25.0.1704.2
MinimumVisualStudioVersion = 10.0.40219.1
Project("{FAE04EC0-301F-11D3-BF4B-00C04F79EFBC}") = "RestfulBooker.Api", "RestfulBooker.Api\RestfulBooker.Api.csproj", "{48BE112F-1B7C-4B80-9B7C-E57F328048A4}"
EndProject
Project("{FAE04EC0-301F-11D3-BF4B-00C04F79EFBC}") = "RestfulBooker.UI", "RestfulBooker.UI\RestfulBooker.UI.csproj", "{395479CA-AEE5-4B24-85AC-225F4AF2DF16}"
EndProject
Project("{FAE04EC0-301F-11D3-BF4B-00C04F79EFBC}") = "TestingWithNUnit.Tests", "TestingWithNUnit.Tests\TestingWithNUnit.Tests.csproj", "{CB4CB8BD-1903-4E01-8333-9B7DDF9D03CF}"
EndProject
Project("{2150E333-8FDC-42A3-9474-1A3956D46DE8}") = "Solution Items", "Solution Items", "{A7077A11-D75B-4CB0-9E61-12B4D0BABD8D}"
	ProjectSection(SolutionItems) = preProject
		README.md = README.md
	EndProjectSection
EndProject
Global
	GlobalSection(SolutionConfigurationPlatforms) = preSolution
		Debug|Any CPU = Debug|Any CPU
		Release|Any CPU = Release|Any CPU
	EndGlobalSection
	GlobalSection(ProjectConfigurationPlatforms) = postSolution
		{48BE112F-1B7C-4B80-9B7C-E57F328048A4}.Debug|Any CPU.ActiveCfg = Debug|Any CPU
		{48BE112F-1B7C-4B80-9B7C-E57F328048A4}.Debug|Any CPU.Build.0 = Debug|Any CPU
		{48BE112F-1B7C-4B80-9B7C-E57F328048A4}.Release|Any CPU.ActiveCfg = Release|Any CPU
		{48BE112F-1B7C-4B80-9B7C-E57F328048A4}.Release|Any CPU.Build.0 = Release|Any CPU
		{395479CA-AEE5-4B24-85AC-225F4AF2DF16}.Debug|Any CPU.ActiveCfg = Debug|Any CPU
		{395479CA-AEE5-4B24-85AC-225F4AF2DF16}.Debug|Any CPU.Build.0 = Debug|Any CPU
		{395479CA-AEE5-4B24-85AC-225F4AF2DF16}.Release|Any CPU.ActiveCfg = Release|Any CPU
		{395479CA-AEE5-4B24-85AC-225F4AF2DF16}.Release|Any CPU.Build.0 = Release|Any CPU
		{CB4CB8BD-1903-4E01-8333-9B7DDF9D03CF}.Debug|Any CPU.ActiveCfg = Debug|Any CPU
		{CB4CB8BD-1903-4E01-8333-9B7DDF9D03CF}.Debug|Any CPU.Build.0 = Debug|Any CPU
		{CB4CB8BD-1903-4E01-8333-9B7DDF9D03CF}.Release|Any CPU.ActiveCfg = Release|Any CPU
		{CB4CB8BD-1903-4E01-8333-9B7DDF9D03CF}.Release|Any CPU.Build.0 = Release|Any CPU
	EndGlobalSection
	GlobalSection(SolutionProperties) = preSolution
		HideSolutionNode = FALSE
	EndGlobalSection
	GlobalSection(ExtensibilityGlobals) = postSolution
		SolutionGuid = {0B37D0E7-B864-48BA-A653-87BEE2C5750F}
	EndGlobalSection
	GlobalSection(MonoDevelopProperties) = preSolution
		Policies = $0
		$0.DotNetNamingPolicy = $1
		$1.DirectoryNamespaceAssociation = PrefixedHierarchical
		$0.TextStylePolicy = $2
		$2.inheritsSet = null
		$2.scope = text/x-csharp
		$0.CSharpFormattingPolicy = $3
		$3.scope = text/x-csharp
		$0.TextStylePolicy = $4
		$4.inheritsSet = null
		$4.scope = text/x-json
		$0.TextStylePolicy = $5
		$5.inheritsSet = null
		$5.scope = text/x-web
		$0.TextStylePolicy = $6
		$6.inheritsSet = null
		$6.scope = text/x-vs
		$0.StandardHeader = $7
	EndGlobalSection
EndGlobal
